
Microsoft Visual Studio Solution File, Format Version 12.00
# Visual Studio Version 17
VisualStudioVersion = 17.4.33205.214
MinimumVisualStudioVersion = 10.0.40219.1
Project("{FAE04EC0-301F-11D3-BF4B-00C04F79EFBC}") = "Disparar Avisos", "Disparar Avisos\Disparar Avisos.csproj", "{D4439E9B-E53A-4861-B926-33FFFACCE9C6}"
EndProject
Global
	GlobalSection(SolutionConfigurationPlatforms) = preSolution
		Debug|Any CPU = Debug|Any CPU
		Release|Any CPU = Release|Any CPU
	EndGlobalSection
	GlobalSection(ProjectConfigurationPlatforms) = postSolution
		{D4439E9B-E53A-4861-B926-33FFFACCE9C6}.Debug|Any CPU.ActiveCfg = Debug|Any CPU
		{D4439E9B-E53A-4861-B926-33FFFACCE9C6}.Debug|Any CPU.Build.0 = Debug|Any CPU
		{D4439E9B-E53A-4861-B926-33FFFACCE9C6}.Release|Any CPU.ActiveCfg = Release|Any CPU
		{D4439E9B-E53A-4861-B926-33FFFACCE9C6}.Release|Any CPU.Build.0 = Release|Any CPU
	EndGlobalSection
	GlobalSection(SolutionProperties) = preSolution
		HideSolutionNode = FALSE
	EndGlobalSection
	GlobalSection(ExtensibilityGlobals) = postSolution
		SolutionGuid = {51F16E40-09C5-4B0E-BA35-2A4F1B96CBE8}
	EndGlobalSection
EndGlobal
